
Microsoft Visual Studio Solution File, Format Version 12.00
# Visual Studio Version 16
VisualStudioVersion = 16.0.30011.22
MinimumVisualStudioVersion = 10.0.40219.1
Project("{9A19103F-16F7-4668-BE54-9A1E7A4F7556}") = "Metotlar", "Metotlar\Metotlar.csproj", "{B33D131B-AB6A-472D-8CB3-5F5CBCF48490}"
EndProject
Project("{9A19103F-16F7-4668-BE54-9A1E7A4F7556}") = "Matematik", "Matematik\Matematik.csproj", "{A91EE4ED-D287-480F-BBC5-F3845B2A6921}"
EndProject
Project("{9A19103F-16F7-4668-BE54-9A1E7A4F7556}") = "DegerVeReferansTipler", "DegerVeReferansTipler\DegerVeReferansTipler.csproj", "{9149FDAE-A950-46CD-9071-1ABCE09DC069}"
EndProject
Project("{9A19103F-16F7-4668-BE54-9A1E7A4F7556}") = "OOP1", "OOP1\OOP1.csproj", "{2E9D6EE1-4E70-4FC6-AD30-9573CF8B0D26}"
EndProject
Project("{9A19103F-16F7-4668-BE54-9A1E7A4F7556}") = "Koleksiyonlar", "Koleksiyonlar\Koleksiyonlar.csproj", "{DE46F57A-85E5-4659-AB90-C409BC67D93A}"
EndProject
Project("{FAE04EC0-301F-11D3-BF4B-00C04F79EFBC}") = "Oop2", "Oop2\Oop2.csproj", "{3DEC7E6F-7C13-4E26-9AAE-972F5AC317F5}"
EndProject
Project("{FAE04EC0-301F-11D3-BF4B-00C04F79EFBC}") = "OOP3", "OOP3\OOP3.csproj", "{9DA0534F-97B3-4995-B6EB-A60C08B98883}"
EndProject
Global
	GlobalSection(SolutionConfigurationPlatforms) = preSolution
		Debug|Any CPU = Debug|Any CPU
		Release|Any CPU = Release|Any CPU
	EndGlobalSection
	GlobalSection(ProjectConfigurationPlatforms) = postSolution
		{B33D131B-AB6A-472D-8CB3-5F5CBCF48490}.Debug|Any CPU.ActiveCfg = Debug|Any CPU
		{B33D131B-AB6A-472D-8CB3-5F5CBCF48490}.Debug|Any CPU.Build.0 = Debug|Any CPU
		{B33D131B-AB6A-472D-8CB3-5F5CBCF48490}.Release|Any CPU.ActiveCfg = Release|Any CPU
		{B33D131B-AB6A-472D-8CB3-5F5CBCF48490}.Release|Any CPU.Build.0 = Release|Any CPU
		{A91EE4ED-D287-480F-BBC5-F3845B2A6921}.Debug|Any CPU.ActiveCfg = Debug|Any CPU
		{A91EE4ED-D287-480F-BBC5-F3845B2A6921}.Debug|Any CPU.Build.0 = Debug|Any CPU
		{A91EE4ED-D287-480F-BBC5-F3845B2A6921}.Release|Any CPU.ActiveCfg = Release|Any CPU
		{A91EE4ED-D287-480F-BBC5-F3845B2A6921}.Release|Any CPU.Build.0 = Release|Any CPU
		{9149FDAE-A950-46CD-9071-1ABCE09DC069}.Debug|Any CPU.ActiveCfg = Debug|Any CPU
		{9149FDAE-A950-46CD-9071-1ABCE09DC069}.Debug|Any CPU.Build.0 = Debug|Any CPU
		{9149FDAE-A950-46CD-9071-1ABCE09DC069}.Release|Any CPU.ActiveCfg = Release|Any CPU
		{9149FDAE-A950-46CD-9071-1ABCE09DC069}.Release|Any CPU.Build.0 = Release|Any CPU
		{2E9D6EE1-4E70-4FC6-AD30-9573CF8B0D26}.Debug|Any CPU.ActiveCfg = Debug|Any CPU
		{2E9D6EE1-4E70-4FC6-AD30-9573CF8B0D26}.Debug|Any CPU.Build.0 = Debug|Any CPU
		{2E9D6EE1-4E70-4FC6-AD30-9573CF8B0D26}.Release|Any CPU.ActiveCfg = Release|Any CPU
		{2E9D6EE1-4E70-4FC6-AD30-9573CF8B0D26}.Release|Any CPU.Build.0 = Release|Any CPU
		{DE46F57A-85E5-4659-AB90-C409BC67D93A}.Debug|Any CPU.ActiveCfg = Debug|Any CPU
		{DE46F57A-85E5-4659-AB90-C409BC67D93A}.Debug|Any CPU.Build.0 = Debug|Any CPU
		{DE46F57A-85E5-4659-AB90-C409BC67D93A}.Release|Any CPU.ActiveCfg = Release|Any CPU
		{DE46F57A-85E5-4659-AB90-C409BC67D93A}.Release|Any CPU.Build.0 = Release|Any CPU
		{3DEC7E6F-7C13-4E26-9AAE-972F5AC317F5}.Debug|Any CPU.ActiveCfg = Debug|Any CPU
		{3DEC7E6F-7C13-4E26-9AAE-972F5AC317F5}.Debug|Any CPU.Build.0 = Debug|Any CPU
		{3DEC7E6F-7C13-4E26-9AAE-972F5AC317F5}.Release|Any CPU.ActiveCfg = Release|Any CPU
		{3DEC7E6F-7C13-4E26-9AAE-972F5AC317F5}.Release|Any CPU.Build.0 = Release|Any CPU
		{9DA0534F-97B3-4995-B6EB-A60C08B98883}.Debug|Any CPU.ActiveCfg = Debug|Any CPU
		{9DA0534F-97B3-4995-B6EB-A60C08B98883}.Debug|Any CPU.Build.0 = Debug|Any CPU
		{9DA0534F-97B3-4995-B6EB-A60C08B98883}.Release|Any CPU.ActiveCfg = Release|Any CPU
		{9DA0534F-97B3-4995-B6EB-A60C08B98883}.Release|Any CPU.Build.0 = Release|Any CPU
	EndGlobalSection
	GlobalSection(SolutionProperties) = preSolution
		HideSolutionNode = FALSE
	EndGlobalSection
	GlobalSection(ExtensibilityGlobals) = postSolution
		SolutionGuid = {18B254A3-1092-4511-88F5-703D83FFD2A3}
	EndGlobalSection
EndGlobal
