
Microsoft Visual Studio Solution File, Format Version 12.00
# Visual Studio Version 16
VisualStudioVersion = 16.0.30011.22
MinimumVisualStudioVersion = 10.0.40219.1
Project("{FAE04EC0-301F-11D3-BF4B-00C04F79EFBC}") = "Metotlar", "Metotlar\Metotlar.csproj", "{B33D131B-AB6A-472D-8CB3-5F5CBCF48490}"
EndProject
Project("{FAE04EC0-301F-11D3-BF4B-00C04F79EFBC}") = "Matematik", "Matematik\Matematik.csproj", "{A91EE4ED-D287-480F-BBC5-F3845B2A6921}"
EndProject
Project("{FAE04EC0-301F-11D3-BF4B-00C04F79EFBC}") = "DegerVeReferansTipler", "DegerVeReferansTipler\DegerVeReferansTipler.csproj", "{9149FDAE-A950-46CD-9071-1ABCE09DC069}"
EndProject
Global
	GlobalSection(SolutionConfigurationPlatforms) = preSolution
		Debug|Any CPU = Debug|Any CPU
		Release|Any CPU = Release|Any CPU
	EndGlobalSection
	GlobalSection(ProjectConfigurationPlatforms) = postSolution
		{B33D131B-AB6A-472D-8CB3-5F5CBCF48490}.Debug|Any CPU.ActiveCfg = Debug|Any CPU
		{B33D131B-AB6A-472D-8CB3-5F5CBCF48490}.Debug|Any CPU.Build.0 = Debug|Any CPU
		{B33D131B-AB6A-472D-8CB3-5F5CBCF48490}.Release|Any CPU.ActiveCfg = Release|Any CPU
		{B33D131B-AB6A-472D-8CB3-5F5CBCF48490}.Release|Any CPU.Build.0 = Release|Any CPU
		{A91EE4ED-D287-480F-BBC5-F3845B2A6921}.Debug|Any CPU.ActiveCfg = Debug|Any CPU
		{A91EE4ED-D287-480F-BBC5-F3845B2A6921}.Debug|Any CPU.Build.0 = Debug|Any CPU
		{A91EE4ED-D287-480F-BBC5-F3845B2A6921}.Release|Any CPU.ActiveCfg = Release|Any CPU
		{A91EE4ED-D287-480F-BBC5-F3845B2A6921}.Release|Any CPU.Build.0 = Release|Any CPU
		{9149FDAE-A950-46CD-9071-1ABCE09DC069}.Debug|Any CPU.ActiveCfg = Debug|Any CPU
		{9149FDAE-A950-46CD-9071-1ABCE09DC069}.Debug|Any CPU.Build.0 = Debug|Any CPU
		{9149FDAE-A950-46CD-9071-1ABCE09DC069}.Release|Any CPU.ActiveCfg = Release|Any CPU
		{9149FDAE-A950-46CD-9071-1ABCE09DC069}.Release|Any CPU.Build.0 = Release|Any CPU
	EndGlobalSection
	GlobalSection(SolutionProperties) = preSolution
		HideSolutionNode = FALSE
	EndGlobalSection
	GlobalSection(ExtensibilityGlobals) = postSolution
		SolutionGuid = {18B254A3-1092-4511-88F5-703D83FFD2A3}
	EndGlobalSection
EndGlobal
